{
	"name": "hellofn",
	"version": "1.0.0",
	"lockfileVersion": 2,
	"requires": true,
	"packages": {
		"": {
			"name": "hellofn",
			"version": "1.0.0",
			"license": "Apache-2.0",
			"dependencies": {
				"@fnproject/fdk": "^0.0.37"
			}
		},
		"node_modules/@fnproject/fdk": {
			"version": "0.0.37",
			"resolved": "https://registry.npmjs.org/@fnproject/fdk/-/fdk-0.0.37.tgz",
			"integrity": "sha512-4NynRO8G4gwV9NGTSLMCcsfRVPWb7OZWHMzHLkMhOvg/bksKZy0F9sGRnroP700U++i+UXfqADrIG1/6DulsQQ=="
		}
	},
	"dependencies": {
		"@fnproject/fdk": {
			"version": "0.0.37",
			"resolved": "https://registry.npmjs.org/@fnproject/fdk/-/fdk-0.0.37.tgz",
			"integrity": "sha512-4NynRO8G4gwV9NGTSLMCcsfRVPWb7OZWHMzHLkMhOvg/bksKZy0F9sGRnroP700U++i+UXfqADrIG1/6DulsQQ=="
		}
	}
}
